// !$*UTF8*$!
{
	archiveVersion = 1;
	classes = {
	};
	objectVersion = 70;
	objects = {

/* Begin PBXBuildFile section */
		18C3FDD25DB74AB8AC3684D8 /* HueTransport.swift in Sources */ = {isa = PBXBuildFile; fileRef = 5B8DE3AD305C949200AB1BD9 /* HueTransport.swift */; };
		1EE2F479BD5D41A294F61672 /* Keychain.swift in Sources */ = {isa = PBXBuildFile; fileRef = 5B8DE3A4305C93FF00AB1BD9 /* Keychain.swift */; };
		2729F3C80F284BEFB24E6C60 /* Stores.swift in Sources */ = {isa = PBXBuildFile; fileRef = 5B8DE3A6305C942800AB1BD9 /* Stores.swift */; };
		3AEE648F27C84F439E83E8D7 /* DeviceProtocols.swift in Sources */ = {isa = PBXBuildFile; fileRef = 5B8DE3A7305C943100AB1BD9 /* DeviceProtocols.swift */; };
		47D7307F610C4A1A8E8F3EB3 /* HomeAssistantTransport.swift in Sources */ = {isa = PBXBuildFile; fileRef = 5B8DE3AB305C946500AB1BD9 /* HomeAssistantTransport.swift */; };
		539846C648384086B1BA944C /* HomeKitTransport.swift in Sources */ = {isa = PBXBuildFile; fileRef = 5B8DE3AA305C945B00AB1BD9 /* HomeKitTransport.swift */; };
		5B80D9BD2EDCB128000DBD74 /* Govee_MacApp.swift in Sources */ = {isa = PBXBuildFile; fileRef = 5B80D9BC2EDCB128000DBD74 /* Govee_MacApp.swift */; };
		5B80D9BF2EDCB128000DBD74 /* ContentView.swift in Sources */ = {isa = PBXBuildFile; fileRef = 5B80D9BE2EDCB128000DBD74 /* ContentView.swift */; };
		5B80D9C12EDCB12A000DBD74 /* Assets.xcassets in Resources */ = {isa = PBXBuildFile; fileRef = 5B80D9C02EDCB12A000DBD74 /* Assets.xcassets */; };
		5B80D9C42EDCB12A000DBD74 /* Preview Assets.xcassets in Resources */ = {isa = PBXBuildFile; fileRef = 5B80D9C32EDCB12A000DBD74 /* Preview Assets.xcassets */; };
		5B80D9CF2EDCB12A000DBD74 /* Govee_MacTests.swift in Sources */ = {isa = PBXBuildFile; fileRef = 5B80D9CE2EDCB12A000DBD74 /* Govee_MacTests.swift */; };
		5B80D9D92EDCB12B000DBD74 /* Govee_MacUITests.swift in Sources */ = {isa = PBXBuildFile; fileRef = 5B80D9D82EDCB12B000DBD74 /* Govee_MacUITests.swift */; };
		5B80D9DB2EDCB12B000DBD74 /* Govee_MacUITestsLaunchTests.swift in Sources */ = {isa = PBXBuildFile; fileRef = 5B80D9DA2EDCB12B000DBD74 /* Govee_MacUITestsLaunchTests.swift */; };
		5B8DE3B1305C94B900AB1BD9 /* GoveeController.swift in Sources */ = {isa = PBXBuildFile; fileRef = 5B8DE3B0305C94B900AB1BD9 /* GoveeController.swift */; };
		5B8DE3B4305D71AA00AB1BD9 /* DeviceControlResolver.swift in Sources */ = {isa = PBXBuildFile; fileRef = 5B8DE3B3305D71AA00AB1BD9 /* DeviceControlResolver.swift */; };
		5B8DE3B7305D720A00AB1BD9 /* DeviceIntents.swift in Sources */ = {isa = PBXBuildFile; fileRef = 5B8DE3B6305D720A00AB1BD9 /* DeviceIntents.swift */; };
		5B8DE3BE305D733A00AB1BD9 /* WidgetKit.framework in Frameworks */ = {isa = PBXBuildFile; fileRef = 5B8DE3BD305D733A00AB1BD9 /* WidgetKit.framework */; };
		5B8DE3C0305D733A00AB1BD9 /* SwiftUI.framework in Frameworks */ = {isa = PBXBuildFile; fileRef = 5B8DE3BF305D733A00AB1BD9 /* SwiftUI.framework */; };
		5B8DE3CB305D733C00AB1BD9 /* GoveeWidgetExtension.appex in Embed Foundation Extensions */ = {isa = PBXBuildFile; fileRef = 5B8DE3BB305D733A00AB1BD9 /* GoveeWidgetExtension.appex */; settings = {ATTRIBUTES = (RemoveHeadersOnCopy, ); }; };
		5BF053102F9BDB23007ADBA3 /* TouchBarSupport.swift in Sources */ = {isa = PBXBuildFile; fileRef = 5BF0530F2F9BDB23007ADBA3 /* TouchBarSupport.swift */; };
		5BF053122F9BE9EA007ADBA3 /* Documentation.docc in Sources */ = {isa = PBXBuildFile; fileRef = 5BF053112F9BE9EA007ADBA3 /* Documentation.docc */; };
		8EC4A2BA86F44C5F85940AC8 /* WLEDTransport.swift in Sources */ = {isa = PBXBuildFile; fileRef = 5B8DE3AE305C949900AB1BD9 /* WLEDTransport.swift */; };
		95EB86D567324DAA8686878B /* LANTransport.swift in Sources */ = {isa = PBXBuildFile; fileRef = 5B8DE3A9305C944E00AB1BD9 /* LANTransport.swift */; };
		9736908D7ED84329846239BB /* LIFXTransport.swift in Sources */ = {isa = PBXBuildFile; fileRef = 5B8DE3AF305C949C00AB1BD9 /* LIFXTransport.swift */; };
		BC90AFA79D4F47C7959D234E /* Models.swift in Sources */ = {isa = PBXBuildFile; fileRef = 5B8DE3A5305C941200AB1BD9 /* Models.swift */; };
		5B8DE3D1305D740000AB1BD9 /* Models.swift in Sources */ = {isa = PBXBuildFile; fileRef = 5B8DE3A5305C941200AB1BD9 /* Models.swift */; };
		C066515FE48C4340A50C6D06 /* CloudTransport.swift in Sources */ = {isa = PBXBuildFile; fileRef = 5B8DE3A8305C943A00AB1BD9 /* CloudTransport.swift */; };
		CC490F8E23E64FBCBBEB10E0 /* MenuBarController.swift in Sources */ = {isa = PBXBuildFile; fileRef = 688AE791B97D4E60A2269386 /* MenuBarController.swift */; };
		E1E8177920CF49B2B8E4071F /* DMXEngine.swift in Sources */ = {isa = PBXBuildFile; fileRef = 5B8DE3AC305C948500AB1BD9 /* DMXEngine.swift */; };
/* End PBXBuildFile section */

/* Begin PBXContainerItemProxy section */
		5B80D9CB2EDCB12A000DBD74 /* PBXContainerItemProxy */ = {
			isa = PBXContainerItemProxy;
			containerPortal = 5B80D9B12EDCB128000DBD74 /* Project object */;
			proxyType = 1;
			remoteGlobalIDString = 5B80D9B82EDCB128000DBD74;
			remoteInfo = "Govee Mac";
		};
		5B80D9D52EDCB12B000DBD74 /* PBXContainerItemProxy */ = {
			isa = PBXContainerItemProxy;
			containerPortal = 5B80D9B12EDCB128000DBD74 /* Project object */;
			proxyType = 1;
			remoteGlobalIDString = 5B80D9B82EDCB128000DBD74;
			remoteInfo = "Govee Mac";
		};
		5B8DE3C9305D733C00AB1BD9 /* PBXContainerItemProxy */ = {
			isa = PBXContainerItemProxy;
			containerPortal = 5B80D9B12EDCB128000DBD74 /* Project object */;
			proxyType = 1;
			remoteGlobalIDString = 5B8DE3BA305D733A00AB1BD9;
			remoteInfo = GoveeWidgetExtension;
		};
/* End PBXContainerItemProxy section */

/* Begin PBXCopyFilesBuildPhase section */
		5B8DE3CC305D733C00AB1BD9 /* Embed Foundation Extensions */ = {
			isa = PBXCopyFilesBuildPhase;
			buildActionMask = 2147483647;
			dstPath = "";
			dstSubfolderSpec = 13;
			files = (
				5B8DE3CB305D733C00AB1BD9 /* GoveeWidgetExtension.appex in Embed Foundation Extensions */,
			);
			name = "Embed Foundation Extensions";
			runOnlyForDeploymentPostprocessing = 0;
		};
/* End PBXCopyFilesBuildPhase section */

/* Begin PBXFileReference section */
		45A59A0A2FA0000100D0C001 /* README.md */ = {isa = PBXFileReference; lastKnownFileType = net.daringfireball.markdown; path = README.md; sourceTree = "<group>"; };
		45A59A0A2FA0000200D0C001 /* FEATURES.md */ = {isa = PBXFileReference; lastKnownFileType = net.daringfireball.markdown; path = FEATURES.md; sourceTree = "<group>"; };
		45A59A0A2FA0000300D0C001 /* MANUFACTURER_INTEGRATION.md */ = {isa = PBXFileReference; lastKnownFileType = net.daringfireball.markdown; path = MANUFACTURER_INTEGRATION.md; sourceTree = "<group>"; };
		45A59A0A2FA0000400D0C001 /* DMX_SETUP.md */ = {isa = PBXFileReference; lastKnownFileType = net.daringfireball.markdown; path = DMX_SETUP.md; sourceTree = "<group>"; };
		5B72C6132EDE0E9300C28329 /* Govee-Mac-Info.plist */ = {isa = PBXFileReference; lastKnownFileType = text.plist; path = "Govee-Mac-Info.plist"; sourceTree = SOURCE_ROOT; };
		5B80D9B92EDCB128000DBD74 /* Govee Mac.app */ = {isa = PBXFileReference; explicitFileType = wrapper.application; includeInIndex = 0; path = "Govee Mac.app"; sourceTree = BUILT_PRODUCTS_DIR; };
		5B80D9BC2EDCB128000DBD74 /* Govee_MacApp.swift */ = {isa = PBXFileReference; lastKnownFileType = sourcecode.swift; path = Govee_MacApp.swift; sourceTree = "<group>"; };
		5B80D9BE2EDCB128000DBD74 /* ContentView.swift */ = {isa = PBXFileReference; lastKnownFileType = sourcecode.swift; path = ContentView.swift; sourceTree = "<group>"; };
		5B80D9C02EDCB12A000DBD74 /* Assets.xcassets */ = {isa = PBXFileReference; lastKnownFileType = folder.assetcatalog; path = Assets.xcassets; sourceTree = "<group>"; };
		5B80D9C32EDCB12A000DBD74 /* Preview Assets.xcassets */ = {isa = PBXFileReference; lastKnownFileType = folder.assetcatalog; path = "Preview Assets.xcassets"; sourceTree = "<group>"; };
		5B80D9C52EDCB12A000DBD74 /* Govee_Mac.entitlements */ = {isa = PBXFileReference; lastKnownFileType = text.plist.entitlements; path = Govee_Mac.entitlements; sourceTree = "<group>"; };
		5B80D9CA2EDCB12A000DBD74 /* Govee MacTests.xctest */ = {isa = PBXFileReference; explicitFileType = wrapper.cfbundle; includeInIndex = 0; path = "Govee MacTests.xctest"; sourceTree = BUILT_PRODUCTS_DIR; };
		5B80D9CE2EDCB12A000DBD74 /* Govee_MacTests.swift */ = {isa = PBXFileReference; lastKnownFileType = sourcecode.swift; path = Govee_MacTests.swift; sourceTree = "<group>"; };
		5B80D9D42EDCB12B000DBD74 /* Govee MacUITests.xctest */ = {isa = PBXFileReference; explicitFileType = wrapper.cfbundle; includeInIndex = 0; path = "Govee MacUITests.xctest"; sourceTree = BUILT_PRODUCTS_DIR; };
		5B80D9D82EDCB12B000DBD74 /* Govee_MacUITests.swift */ = {isa = PBXFileReference; lastKnownFileType = sourcecode.swift; path = Govee_MacUITests.swift; sourceTree = "<group>"; };
		5B80D9DA2EDCB12B000DBD74 /* Govee_MacUITestsLaunchTests.swift */ = {isa = PBXFileReference; lastKnownFileType = sourcecode.swift; path = Govee_MacUITestsLaunchTests.swift; sourceTree = "<group>"; };
		5B8DE3A4305C93FF00AB1BD9 /* Keychain.swift */ = {isa = PBXFileReference; lastKnownFileType = sourcecode.swift; path = Keychain.swift; sourceTree = "<group>"; };
		5B8DE3A5305C941200AB1BD9 /* Models.swift */ = {isa = PBXFileReference; lastKnownFileType = sourcecode.swift; path = Models.swift; sourceTree = "<group>"; };
		5B8DE3A6305C942800AB1BD9 /* Stores.swift */ = {isa = PBXFileReference; lastKnownFileType = sourcecode.swift; path = Stores.swift; sourceTree = "<group>"; };
		5B8DE3A7305C943100AB1BD9 /* DeviceProtocols.swift */ = {isa = PBXFileReference; lastKnownFileType = sourcecode.swift; path = DeviceProtocols.swift; sourceTree = "<group>"; };
		5B8DE3A8305C943A00AB1BD9 /* CloudTransport.swift */ = {isa = PBXFileReference; lastKnownFileType = sourcecode.swift; path = CloudTransport.swift; sourceTree = "<group>"; };
		5B8DE3A9305C944E00AB1BD9 /* LANTransport.swift */ = {isa = PBXFileReference; lastKnownFileType = sourcecode.swift; path = LANTransport.swift; sourceTree = "<group>"; };
		5B8DE3AA305C945B00AB1BD9 /* HomeKitTransport.swift */ = {isa = PBXFileReference; lastKnownFileType = sourcecode.swift; path = HomeKitTransport.swift; sourceTree = "<group>"; };
		5B8DE3AB305C946500AB1BD9 /* HomeAssistantTransport.swift */ = {isa = PBXFileReference; lastKnownFileType = sourcecode.swift; path = HomeAssistantTransport.swift; sourceTree = "<group>"; };
		5B8DE3AC305C948500AB1BD9 /* DMXEngine.swift */ = {isa = PBXFileReference; lastKnownFileType = sourcecode.swift; path = DMXEngine.swift; sourceTree = "<group>"; };
		5B8DE3AD305C949200AB1BD9 /* HueTransport.swift */ = {isa = PBXFileReference; lastKnownFileType = sourcecode.swift; path = HueTransport.swift; sourceTree = "<group>"; };
		5B8DE3AE305C949900AB1BD9 /* WLEDTransport.swift */ = {isa = PBXFileReference; lastKnownFileType = sourcecode.swift; path = WLEDTransport.swift; sourceTree = "<group>"; };
		5B8DE3AF305C949C00AB1BD9 /* LIFXTransport.swift */ = {isa = PBXFileReference; lastKnownFileType = sourcecode.swift; path = LIFXTransport.swift; sourceTree = "<group>"; };
		5B8DE3B0305C94B900AB1BD9 /* GoveeController.swift */ = {isa = PBXFileReference; lastKnownFileType = sourcecode.swift; path = GoveeController.swift; sourceTree = "<group>"; };
		5B8DE3B3305D71AA00AB1BD9 /* DeviceControlResolver.swift */ = {isa = PBXFileReference; lastKnownFileType = sourcecode.swift; path = DeviceControlResolver.swift; sourceTree = "<group>"; };
		5B8DE3B6305D720A00AB1BD9 /* DeviceIntents.swift */ = {isa = PBXFileReference; lastKnownFileType = sourcecode.swift; path = DeviceIntents.swift; sourceTree = "<group>"; };
		5B8DE3BB305D733A00AB1BD9 /* GoveeWidgetExtension.appex */ = {isa = PBXFileReference; explicitFileType = "wrapper.app-extension"; includeInIndex = 0; path = GoveeWidgetExtension.appex; sourceTree = BUILT_PRODUCTS_DIR; };
		5B8DE3BD305D733A00AB1BD9 /* WidgetKit.framework */ = {isa = PBXFileReference; lastKnownFileType = wrapper.framework; name = WidgetKit.framework; path = /System/Library/Frameworks/WidgetKit.framework; sourceTree = "<absolute>"; };
		5B8DE3BF305D733A00AB1BD9 /* SwiftUI.framework */ = {isa = PBXFileReference; lastKnownFileType = wrapper.framework; name = SwiftUI.framework; path = /System/Library/Frameworks/SwiftUI.framework; sourceTree = "<absolute>"; };
		5BF0530F2F9BDB23007ADBA3 /* TouchBarSupport.swift */ = {isa = PBXFileReference; lastKnownFileType = sourcecode.swift; path = TouchBarSupport.swift; sourceTree = "<group>"; };
		5BF053112F9BE9EA007ADBA3 /* Documentation.docc */ = {isa = PBXFileReference; lastKnownFileType = folder.documentationcatalog; path = Documentation.docc; sourceTree = "<group>"; };
		688AE791B97D4E60A2269386 /* MenuBarController.swift */ = {isa = PBXFileReference; fileEncoding = 4; lastKnownFileType = sourcecode.swift; path = MenuBarController.swift; sourceTree = "<group>"; };
/* End PBXFileReference section */

/* Begin PBXFileSystemSynchronizedBuildFileExceptionSet section */
		5B8DE3CF305D733C00AB1BD9 /* PBXFileSystemSynchronizedBuildFileExceptionSet */ = {
			isa = PBXFileSystemSynchronizedBuildFileExceptionSet;
			membershipExceptions = (
				Info.plist,
			);
			target = 5B8DE3BA305D733A00AB1BD9 /* GoveeWidgetExtension */;
		};
/* End PBXFileSystemSynchronizedBuildFileExceptionSet section */

/* Begin PBXFileSystemSynchronizedRootGroup section */
		5B8DE3C1305D733A00AB1BD9 /* GoveeWidget */ = {isa = PBXFileSystemSynchronizedRootGroup; exceptions = (5B8DE3CF305D733C00AB1BD9 /* PBXFileSystemSynchronizedBuildFileExceptionSet */, ); explicitFileTypes = {}; explicitFolders = (); path = GoveeWidget; sourceTree = "<group>"; };
/* End PBXFileSystemSynchronizedRootGroup section */

/* Begin PBXFrameworksBuildPhase section */
		5B80D9B62EDCB128000DBD74 /* Frameworks */ = {
			isa = PBXFrameworksBuildPhase;
			buildActionMask = 2147483647;
			files = (
			);
			runOnlyForDeploymentPostprocessing = 0;
		};
		5B80D9C72EDCB12A000DBD74 /* Frameworks */ = {
			isa = PBXFrameworksBuildPhase;
			buildActionMask = 2147483647;
			files = (
			);
			runOnlyForDeploymentPostprocessing = 0;
		};
		5B80D9D12EDCB12B000DBD74 /* Frameworks */ = {
			isa = PBXFrameworksBuildPhase;
			buildActionMask = 2147483647;
			files = (
			);
			runOnlyForDeploymentPostprocessing = 0;
		};
		5B8DE3B8305D733A00AB1BD9 /* Frameworks */ = {
			isa = PBXFrameworksBuildPhase;
			buildActionMask = 2147483647;
			files = (
				5B8DE3C0305D733A00AB1BD9 /* SwiftUI.framework in Frameworks */,
				5B8DE3BE305D733A00AB1BD9 /* WidgetKit.framework in Frameworks */,
			);
			runOnlyForDeploymentPostprocessing = 0;
		};
/* End PBXFrameworksBuildPhase section */

/* Begin PBXGroup section */
		45A59A0A2FA0000500D0C001 /* .. */ = {
			isa = PBXGroup;
			children = (
				45A59A0A2FA0000100D0C001 /* README.md */,
				45A59A0A2FA0000200D0C001 /* FEATURES.md */,
				45A59A0A2FA0000300D0C001 /* MANUFACTURER_INTEGRATION.md */,
				45A59A0A2FA0000400D0C001 /* DMX_SETUP.md */,
			);
			path = ..;
			sourceTree = "<group>";
		};
		5B80D9B02EDCB128000DBD74 = {
			isa = PBXGroup;
			children = (
				5BF053112F9BE9EA007ADBA3 /* Documentation.docc */,
				45A59A0A2FA0000500D0C001 /* .. */,
				5B80D9BB2EDCB128000DBD74 /* Govee Mac */,
				5B80D9CD2EDCB12A000DBD74 /* Govee MacTests */,
				5B80D9D72EDCB12B000DBD74 /* Govee MacUITests */,
				5B8DE3C1305D733A00AB1BD9 /* GoveeWidget */,
				5B8DE3BC305D733A00AB1BD9 /* Frameworks */,
				5B80D9BA2EDCB128000DBD74 /* Products */,
			);
			sourceTree = "<group>";
		};
		5B80D9BA2EDCB128000DBD74 /* Products */ = {
			isa = PBXGroup;
			children = (
				5B80D9B92EDCB128000DBD74 /* Govee Mac.app */,
				5B80D9CA2EDCB12A000DBD74 /* Govee MacTests.xctest */,
				5B80D9D42EDCB12B000DBD74 /* Govee MacUITests.xctest */,
				5B8DE3BB305D733A00AB1BD9 /* GoveeWidgetExtension.appex */,
			);
			name = Products;
			sourceTree = "<group>";
		};
		5B80D9BB2EDCB128000DBD74 /* Govee Mac */ = {
			isa = PBXGroup;
			children = (
				5B72C6132EDE0E9300C28329 /* Govee-Mac-Info.plist */,
				5B80D9BC2EDCB128000DBD74 /* Govee_MacApp.swift */,
				5B80D9BE2EDCB128000DBD74 /* ContentView.swift */,
				688AE791B97D4E60A2269386 /* MenuBarController.swift */,
				5B80D9C02EDCB12A000DBD74 /* Assets.xcassets */,
				5B80D9C52EDCB12A000DBD74 /* Govee_Mac.entitlements */,
				5B80D9C22EDCB12A000DBD74 /* Preview Content */,
				5BF0530F2F9BDB23007ADBA3 /* TouchBarSupport.swift */,
				5B8DE3B0305C94B900AB1BD9 /* GoveeController.swift */,
				5B8DE3A1305C93F000AB1BD9 /* Core */,
				5B8DE3A2305C93F200AB1BD9 /* Transports */,
				5B8DE3A3305C93F400AB1BD9 /* DMX */,
				5B8DE3B5305D720A00AB1BD9 /* AppIntents */,
			);
			path = "Govee Mac";
			sourceTree = "<group>";
		};
		5B80D9C22EDCB12A000DBD74 /* Preview Content */ = {
			isa = PBXGroup;
			children = (
				5B80D9C32EDCB12A000DBD74 /* Preview Assets.xcassets */,
			);
			path = "Preview Content";
			sourceTree = "<group>";
		};
		5B80D9CD2EDCB12A000DBD74 /* Govee MacTests */ = {
			isa = PBXGroup;
			children = (
				5B80D9CE2EDCB12A000DBD74 /* Govee_MacTests.swift */,
			);
			path = "Govee MacTests";
			sourceTree = "<group>";
		};
		5B80D9D72EDCB12B000DBD74 /* Govee MacUITests */ = {
			isa = PBXGroup;
			children = (
				5B80D9D82EDCB12B000DBD74 /* Govee_MacUITests.swift */,
				5B80D9DA2EDCB12B000DBD74 /* Govee_MacUITestsLaunchTests.swift */,
			);
			path = "Govee MacUITests";
			sourceTree = "<group>";
		};
		5B8DE3A1305C93F000AB1BD9 /* Core */ = {
			isa = PBXGroup;
			children = (
				5B8DE3A4305C93FF00AB1BD9 /* Keychain.swift */,
				5B8DE3A5305C941200AB1BD9 /* Models.swift */,
				5B8DE3A6305C942800AB1BD9 /* Stores.swift */,
				5B8DE3B3305D71AA00AB1BD9 /* DeviceControlResolver.swift */,
			);
			path = Core;
			sourceTree = "<group>";
		};
		5B8DE3A2305C93F200AB1BD9 /* Transports */ = {
			isa = PBXGroup;
			children = (
				5B8DE3A7305C943100AB1BD9 /* DeviceProtocols.swift */,
				5B8DE3A8305C943A00AB1BD9 /* CloudTransport.swift */,
				5B8DE3A9305C944E00AB1BD9 /* LANTransport.swift */,
				5B8DE3AA305C945B00AB1BD9 /* HomeKitTransport.swift */,
				5B8DE3AB305C946500AB1BD9 /* HomeAssistantTransport.swift */,
				5B8DE3AD305C949200AB1BD9 /* HueTransport.swift */,
				5B8DE3AE305C949900AB1BD9 /* WLEDTransport.swift */,
				5B8DE3AF305C949C00AB1BD9 /* LIFXTransport.swift */,
			);
			path = Transports;
			sourceTree = "<group>";
		};
		5B8DE3A3305C93F400AB1BD9 /* DMX */ = {
			isa = PBXGroup;
			children = (
				5B8DE3AC305C948500AB1BD9 /* DMXEngine.swift */,
			);
			path = DMX;
			sourceTree = "<group>";
		};
		5B8DE3B5305D720A00AB1BD9 /* AppIntents */ = {
			isa = PBXGroup;
			children = (
				5B8DE3B6305D720A00AB1BD9 /* DeviceIntents.swift */,
			);
			path = AppIntents;
			sourceTree = "<group>";
		};
		5B8DE3BC305D733A00AB1BD9 /* Frameworks */ = {
			isa = PBXGroup;
			children = (
				5B8DE3BD305D733A00AB1BD9 /* WidgetKit.framework */,
				5B8DE3BF305D733A00AB1BD9 /* SwiftUI.framework */,
			);
			name = Frameworks;
			sourceTree = "<group>";
		};
/* End PBXGroup section */

/* Begin PBXNativeTarget section */
		5B80D9B82EDCB128000DBD74 /* Govee Mac */ = {
			isa = PBXNativeTarget;
			buildConfigurationList = 5B80D9DE2EDCB12B000DBD74 /* Build configuration list for PBXNativeTarget "Govee Mac" */;
			buildPhases = (
				5B80D9B52EDCB128000DBD74 /* Sources */,
				5B80D9B62EDCB128000DBD74 /* Frameworks */,
				5B80D9B72EDCB128000DBD74 /* Resources */,
				5B8DE3CC305D733C00AB1BD9 /* Embed Foundation Extensions */,
			);
			buildRules = (
			);
			dependencies = (
				5B8DE3CA305D733C00AB1BD9 /* PBXTargetDependency */,
			);
			name = "Govee Mac";
			productName = "Govee Mac";
			productReference = 5B80D9B92EDCB128000DBD74 /* Govee Mac.app */;
			productType = "com.apple.product-type.application";
		};
		5B80D9C92EDCB12A000DBD74 /* Govee MacTests */ = {
			isa = PBXNativeTarget;
			buildConfigurationList = 5B80D9E12EDCB12B000DBD74 /* Build configuration list for PBXNativeTarget "Govee MacTests" */;
			buildPhases = (
				5B80D9C62EDCB12A000DBD74 /* Sources */,
				5B80D9C72EDCB12A000DBD74 /* Frameworks */,
				5B80D9C82EDCB12A000DBD74 /* Resources */,
			);
			buildRules = (
			);
			dependencies = (
				5B80D9CC2EDCB12A000DBD74 /* PBXTargetDependency */,
			);
			name = "Govee MacTests";
			productName = "Govee MacTests";
			productReference = 5B80D9CA2EDCB12A000DBD74 /* Govee MacTests.xctest */;
			productType = "com.apple.product-type.bundle.unit-test";
		};
		5B80D9D32EDCB12B000DBD74 /* Govee MacUITests */ = {
			isa = PBXNativeTarget;
			buildConfigurationList = 5B80D9E42EDCB12B000DBD74 /* Build configuration list for PBXNativeTarget "Govee MacUITests" */;
			buildPhases = (
				5B80D9D02EDCB12B000DBD74 /* Sources */,
				5B80D9D12EDCB12B000DBD74 /* Frameworks */,
				5B80D9D22EDCB12B000DBD74 /* Resources */,
			);
			buildRules = (
			);
			dependencies = (
				5B80D9D62EDCB12B000DBD74 /* PBXTargetDependency */,
			);
			name = "Govee MacUITests";
			productName = "Govee MacUITests";
			productReference = 5B80D9D42EDCB12B000DBD74 /* Govee MacUITests.xctest */;
			productType = "com.apple.product-type.bundle.ui-testing";
		};
		5B8DE3BA305D733A00AB1BD9 /* GoveeWidgetExtension */ = {
			isa = PBXNativeTarget;
			buildConfigurationList = 5B8DE3D0305D733C00AB1BD9 /* Build configuration list for PBXNativeTarget "GoveeWidgetExtension" */;
			buildPhases = (
				5B8DE3B7305D733A00AB1BD9 /* Sources */,
				5B8DE3B8305D733A00AB1BD9 /* Frameworks */,
				5B8DE3B9305D733A00AB1BD9 /* Resources */,
			);
			buildRules = (
			);
			dependencies = (
			);
			fileSystemSynchronizedGroups = (
				5B8DE3C1305D733A00AB1BD9 /* GoveeWidget */,
			);
			name = GoveeWidgetExtension;
			packageProductDependencies = (
			);
			productName = GoveeWidgetExtension;
			productReference = 5B8DE3BB305D733A00AB1BD9 /* GoveeWidgetExtension.appex */;
			productType = "com.apple.product-type.app-extension";
		};
/* End PBXNativeTarget section */

/* Begin PBXProject section */
		5B80D9B12EDCB128000DBD74 /* Project object */ = {
			isa = PBXProject;
			attributes = {
				BuildIndependentTargetsInParallel = 1;
				LastSwiftUpdateCheck = 2700;
				LastUpgradeCheck = 1520;
				TargetAttributes = {
					5B80D9B82EDCB128000DBD74 = {
						CreatedOnToolsVersion = 15.2;
					};
					5B80D9C92EDCB12A000DBD74 = {
						CreatedOnToolsVersion = 15.2;
						TestTargetID = 5B80D9B82EDCB128000DBD74;
					};
					5B80D9D32EDCB12B000DBD74 = {
						CreatedOnToolsVersion = 15.2;
						TestTargetID = 5B80D9B82EDCB128000DBD74;
					};
					5B8DE3BA305D733A00AB1BD9 = {
						CreatedOnToolsVersion = 27.0;
					};
				};
			};
			buildConfigurationList = 5B80D9B42EDCB128000DBD74 /* Build configuration list for PBXProject "Govee Mac" */;
			compatibilityVersion = "Xcode 14.0";
			developmentRegion = en;
			hasScannedForEncodings = 0;
			knownRegions = (
				en,
				Base,
			);
			mainGroup = 5B80D9B02EDCB128000DBD74;
			productRefGroup = 5B80D9BA2EDCB128000DBD74 /* Products */;
			projectDirPath = "";
			projectRoot = "";
			targets = (
				5B80D9B82EDCB128000DBD74 /* Govee Mac */,
				5B80D9C92EDCB12A000DBD74 /* Govee MacTests */,
				5B80D9D32EDCB12B000DBD74 /* Govee MacUITests */,
				5B8DE3BA305D733A00AB1BD9 /* GoveeWidgetExtension */,
			);
		};
/* End PBXProject section */

/* Begin PBXResourcesBuildPhase section */
		5B80D9B72EDCB128000DBD74 /* Resources */ = {
			isa = PBXResourcesBuildPhase;
			buildActionMask = 2147483647;
			files = (
				5B80D9C42EDCB12A000DBD74 /* Preview Assets.xcassets in Resources */,
				5B80D9C12EDCB12A000DBD74 /* Assets.xcassets in Resources */,
			);
			runOnlyForDeploymentPostprocessing = 0;
		};
		5B80D9C82EDCB12A000DBD74 /* Resources */ = {
			isa = PBXResourcesBuildPhase;
			buildActionMask = 2147483647;
			files = (
			);
			runOnlyForDeploymentPostprocessing = 0;
		};
		5B80D9D22EDCB12B000DBD74 /* Resources */ = {
			isa = PBXResourcesBuildPhase;
			buildActionMask = 2147483647;
			files = (
			);
			runOnlyForDeploymentPostprocessing = 0;
		};
		5B8DE3B9305D733A00AB1BD9 /* Resources */ = {
			isa = PBXResourcesBuildPhase;
			buildActionMask = 2147483647;
			files = (
			);
			runOnlyForDeploymentPostprocessing = 0;
		};
/* End PBXResourcesBuildPhase section */

/* Begin PBXSourcesBuildPhase section */
		5B80D9B52EDCB128000DBD74 /* Sources */ = {
			isa = PBXSourcesBuildPhase;
			buildActionMask = 2147483647;
			files = (
				5B80D9BF2EDCB128000DBD74 /* ContentView.swift in Sources */,
				5BF053122F9BE9EA007ADBA3 /* Documentation.docc in Sources */,
				5BF053102F9BDB23007ADBA3 /* TouchBarSupport.swift in Sources */,
				CC490F8E23E64FBCBBEB10E0 /* MenuBarController.swift in Sources */,
				5B80D9BD2EDCB128000DBD74 /* Govee_MacApp.swift in Sources */,
				5B8DE3B1305C94B900AB1BD9 /* GoveeController.swift in Sources */,
				1EE2F479BD5D41A294F61672 /* Keychain.swift in Sources */,
				5B8DE3B4305D71AA00AB1BD9 /* DeviceControlResolver.swift in Sources */,
				5B8DE3B7305D720A00AB1BD9 /* DeviceIntents.swift in Sources */,
				BC90AFA79D4F47C7959D234E /* Models.swift in Sources */,
				2729F3C80F284BEFB24E6C60 /* Stores.swift in Sources */,
				3AEE648F27C84F439E83E8D7 /* DeviceProtocols.swift in Sources */,
				C066515FE48C4340A50C6D06 /* CloudTransport.swift in Sources */,
				95EB86D567324DAA8686878B /* LANTransport.swift in Sources */,
				539846C648384086B1BA944C /* HomeKitTransport.swift in Sources */,
				47D7307F610C4A1A8E8F3EB3 /* HomeAssistantTransport.swift in Sources */,
				E1E8177920CF49B2B8E4071F /* DMXEngine.swift in Sources */,
				18C3FDD25DB74AB8AC3684D8 /* HueTransport.swift in Sources */,
				8EC4A2BA86F44C5F85940AC8 /* WLEDTransport.swift in Sources */,
				9736908D7ED84329846239BB /* LIFXTransport.swift in Sources */,
			);
			runOnlyForDeploymentPostprocessing = 0;
		};
		5B80D9C62EDCB12A000DBD74 /* Sources */ = {
			isa = PBXSourcesBuildPhase;
			buildActionMask = 2147483647;
			files = (
				5B80D9CF2EDCB12A000DBD74 /* Govee_MacTests.swift in Sources */,
			);
			runOnlyForDeploymentPostprocessing = 0;
		};
		5B80D9D02EDCB12B000DBD74 /* Sources */ = {
			isa = PBXSourcesBuildPhase;
			buildActionMask = 2147483647;
			files = (
				5B80D9D92EDCB12B000DBD74 /* Govee_MacUITests.swift in Sources */,
				5B80D9DB2EDCB12B000DBD74 /* Govee_MacUITestsLaunchTests.swift in Sources */,
			);
			runOnlyForDeploymentPostprocessing = 0;
		};
		5B8DE3B7305D733A00AB1BD9 /* Sources */ = {
			isa = PBXSourcesBuildPhase;
			buildActionMask = 2147483647;
			files = (
				5B8DE3D1305D740000AB1BD9 /* Models.swift in Sources */,
			);
			runOnlyForDeploymentPostprocessing = 0;
		};
/* End PBXSourcesBuildPhase section */

/* Begin PBXTargetDependency section */
		5B80D9CC2EDCB12A000DBD74 /* PBXTargetDependency */ = {
			isa = PBXTargetDependency;
			target = 5B80D9B82EDCB128000DBD74 /* Govee Mac */;
			targetProxy = 5B80D9CB2EDCB12A000DBD74 /* PBXContainerItemProxy */;
		};
		5B80D9D62EDCB12B000DBD74 /* PBXTargetDependency */ = {
			isa = PBXTargetDependency;
			target = 5B80D9B82EDCB128000DBD74 /* Govee Mac */;
			targetProxy = 5B80D9D52EDCB12B000DBD74 /* PBXContainerItemProxy */;
		};
		5B8DE3CA305D733C00AB1BD9 /* PBXTargetDependency */ = {
			isa = PBXTargetDependency;
			target = 5B8DE3BA305D733A00AB1BD9 /* GoveeWidgetExtension */;
			targetProxy = 5B8DE3C9305D733C00AB1BD9 /* PBXContainerItemProxy */;
		};
/* End PBXTargetDependency section */

/* Begin XCBuildConfiguration section */
		5B80D9DC2EDCB12B000DBD74 /* Debug */ = {
			isa = XCBuildConfiguration;
			buildSettings = {
				ALWAYS_SEARCH_USER_PATHS = NO;
				ASSETCATALOG_COMPILER_GENERATE_SWIFT_ASSET_SYMBOL_EXTENSIONS = YES;
				CLANG_ANALYZER_NONNULL = YES;
				CLANG_ANALYZER_NUMBER_OBJECT_CONVERSION = YES_AGGRESSIVE;
				CLANG_CXX_LANGUAGE_STANDARD = "gnu++20";
				CLANG_ENABLE_MODULES = YES;
				CLANG_ENABLE_OBJC_ARC = YES;
				CLANG_ENABLE_OBJC_WEAK = YES;
				CLANG_WARN_BLOCK_CAPTURE_AUTORELEASING = YES;
				CLANG_WARN_BOOL_CONVERSION = YES;
				CLANG_WARN_COMMA = YES;
				CLANG_WARN_CONSTANT_CONVERSION = YES;
				CLANG_WARN_DEPRECATED_OBJC_IMPLEMENTATIONS = YES;
				CLANG_WARN_DIRECT_OBJC_ISA_USAGE = YES_ERROR;
				CLANG_WARN_DOCUMENTATION_COMMENTS = YES;
				CLANG_WARN_EMPTY_BODY = YES;
				CLANG_WARN_ENUM_CONVERSION = YES;
				CLANG_WARN_INFINITE_RECURSION = YES;
				CLANG_WARN_INT_CONVERSION = YES;
				CLANG_WARN_NON_LITERAL_NULL_CONVERSION = YES;
				CLANG_WARN_OBJC_IMPLICIT_RETAIN_SELF = YES;
				CLANG_WARN_OBJC_LITERAL_CONVERSION = YES;
				CLANG_WARN_OBJC_ROOT_CLASS = YES_ERROR;
				CLANG_WARN_QUOTED_INCLUDE_IN_FRAMEWORK_HEADER = YES;
				CLANG_WARN_RANGE_LOOP_ANALYSIS = YES;
				CLANG_WARN_STRICT_PROTOTYPES = YES;
				CLANG_WARN_SUSPICIOUS_MOVE = YES;
				CLANG_WARN_UNGUARDED_AVAILABILITY = YES_AGGRESSIVE;
				CLANG_WARN_UNREACHABLE_CODE = YES;
				CLANG_WARN__DUPLICATE_METHOD_MATCH = YES;
				CODE_SIGNING_ALLOWED = NO;
				CODE_SIGNING_REQUIRED = NO;
				COPY_PHASE_STRIP = NO;
				DEBUG_INFORMATION_FORMAT = dwarf;
				ENABLE_STRICT_OBJC_MSGSEND = YES;
				ENABLE_TESTABILITY = YES;
				ENABLE_USER_SCRIPT_SANDBOXING = YES;
				GCC_C_LANGUAGE_STANDARD = gnu17;
				GCC_DYNAMIC_NO_PIC = NO;
				GCC_NO_COMMON_BLOCKS = YES;
				GCC_OPTIMIZATION_LEVEL = 0;
				GCC_PREPROCESSOR_DEFINITIONS = (
					"DEBUG=1",
					"$(inherited)",
				);
				GCC_WARN_64_TO_32_BIT_CONVERSION = YES;
				GCC_WARN_ABOUT_RETURN_TYPE = YES_ERROR;
				GCC_WARN_UNDECLARED_SELECTOR = YES;
				GCC_WARN_UNINITIALIZED_AUTOS = YES_AGGRESSIVE;
				GCC_WARN_UNUSED_FUNCTION = YES;
				GCC_WARN_UNUSED_VARIABLE = YES;
				LOCALIZATION_PREFERS_STRING_CATALOGS = YES;
				MACOSX_DEPLOYMENT_TARGET = 13.7;
				MTL_ENABLE_DEBUG_INFO = INCLUDE_SOURCE;
				MTL_FAST_MATH = YES;
				ONLY_ACTIVE_ARCH = YES;
				SDKROOT = macosx;
				SWIFT_ACTIVE_COMPILATION_CONDITIONS = "DEBUG $(inherited)";
				SWIFT_OPTIMIZATION_LEVEL = "-Onone";
			};
			name = Debug;
		};
		5B80D9DD2EDCB12B000DBD74 /* Release */ = {
			isa = XCBuildConfiguration;
			buildSettings = {
				ALWAYS_SEARCH_USER_PATHS = NO;
				ASSETCATALOG_COMPILER_GENERATE_SWIFT_ASSET_SYMBOL_EXTENSIONS = YES;
				CLANG_ANALYZER_NONNULL = YES;
				CLANG_ANALYZER_NUMBER_OBJECT_CONVERSION = YES_AGGRESSIVE;
				CLANG_CXX_LANGUAGE_STANDARD = "gnu++20";
				CLANG_ENABLE_MODULES = YES;
				CLANG_ENABLE_OBJC_ARC = YES;
				CLANG_ENABLE_OBJC_WEAK = YES;
				CLANG_WARN_BLOCK_CAPTURE_AUTORELEASING = YES;
				CLANG_WARN_BOOL_CONVERSION = YES;
				CLANG_WARN_COMMA = YES;
				CLANG_WARN_CONSTANT_CONVERSION = YES;
				CLANG_WARN_DEPRECATED_OBJC_IMPLEMENTATIONS = YES;
				CLANG_WARN_DIRECT_OBJC_ISA_USAGE = YES_ERROR;
				CLANG_WARN_DOCUMENTATION_COMMENTS = YES;
				CLANG_WARN_EMPTY_BODY = YES;
				CLANG_WARN_ENUM_CONVERSION = YES;
				CLANG_WARN_INFINITE_RECURSION = YES;
				CLANG_WARN_INT_CONVERSION = YES;
				CLANG_WARN_NON_LITERAL_NULL_CONVERSION = YES;
				CLANG_WARN_OBJC_IMPLICIT_RETAIN_SELF = YES;
				CLANG_WARN_OBJC_LITERAL_CONVERSION = YES;
				CLANG_WARN_OBJC_ROOT_CLASS = YES_ERROR;
				CLANG_WARN_QUOTED_INCLUDE_IN_FRAMEWORK_HEADER = YES;
				CLANG_WARN_RANGE_LOOP_ANALYSIS = YES;
				CLANG_WARN_STRICT_PROTOTYPES = YES;
				CLANG_WARN_SUSPICIOUS_MOVE = YES;
				CLANG_WARN_UNGUARDED_AVAILABILITY = YES_AGGRESSIVE;
				CLANG_WARN_UNREACHABLE_CODE = YES;
				CLANG_WARN__DUPLICATE_METHOD_MATCH = YES;
				CODE_SIGNING_ALLOWED = NO;
				CODE_SIGNING_REQUIRED = NO;
				COPY_PHASE_STRIP = NO;
				DEBUG_INFORMATION_FORMAT = "dwarf-with-dsym";
				ENABLE_NS_ASSERTIONS = NO;
				ENABLE_STRICT_OBJC_MSGSEND = YES;
				ENABLE_USER_SCRIPT_SANDBOXING = YES;
				GCC_C_LANGUAGE_STANDARD = gnu17;
				GCC_NO_COMMON_BLOCKS = YES;
				GCC_WARN_64_TO_32_BIT_CONVERSION = YES;
				GCC_WARN_ABOUT_RETURN_TYPE = YES_ERROR;
				GCC_WARN_UNDECLARED_SELECTOR = YES;
				GCC_WARN_UNINITIALIZED_AUTOS = YES_AGGRESSIVE;
				GCC_WARN_UNUSED_FUNCTION = YES;
				GCC_WARN_UNUSED_VARIABLE = YES;
				LOCALIZATION_PREFERS_STRING_CATALOGS = YES;
				MACOSX_DEPLOYMENT_TARGET = 13.7;
				MTL_ENABLE_DEBUG_INFO = NO;
				MTL_FAST_MATH = YES;
				SDKROOT = macosx;
				SWIFT_COMPILATION_MODE = wholemodule;
			};
			name = Release;
		};
		5B80D9DF2EDCB12B000DBD74 /* Debug */ = {
			isa = XCBuildConfiguration;
			buildSettings = {
				ASSETCATALOG_COMPILER_APPICON_NAME = AppIcon;
				ASSETCATALOG_COMPILER_GLOBAL_ACCENT_COLOR_NAME = AccentColor;
				CODE_SIGNING_ALLOWED = NO;
				CODE_SIGNING_REQUIRED = NO;
				CODE_SIGN_ENTITLEMENTS = "Govee Mac/Govee_Mac.entitlements";
				CODE_SIGN_IDENTITY = "Apple Development";
				CODE_SIGN_STYLE = Automatic;
				COMBINE_HIDPI_IMAGES = YES;
				CURRENT_PROJECT_VERSION = 1;
				DEVELOPMENT_ASSET_PATHS = "\"Govee Mac/Preview Content\"";
				DEVELOPMENT_TEAM = T9CA6D7T8N;
				ENABLE_HARDENED_RUNTIME = YES;
				ENABLE_PREVIEWS = YES;
				GENERATE_INFOPLIST_FILE = YES;
				INFOPLIST_FILE = "Govee-Mac-Info.plist";
				INFOPLIST_KEY_CFBundleDisplayName = "Govee Mac Controller";
				INFOPLIST_KEY_LSApplicationCategoryType = "public.app-category.developer-tools";
				INFOPLIST_KEY_NSHomeKitUsageDescription = "Govee Mac needs access to control your HomeKit-enabled Govee lights.";
				INFOPLIST_KEY_NSHumanReadableCopyright = "";
				LD_RUNPATH_SEARCH_PATHS = (
					"$(inherited)",
					"@executable_path/../Frameworks",
				);
				MARKETING_VERSION = 1.0;
				PRODUCT_BUNDLE_IDENTIFIER = "joconpany.Govee-Mac";
				PRODUCT_NAME = "$(TARGET_NAME)";
				PROVISIONING_PROFILE_SPECIFIER = "";
				SWIFT_EMIT_LOC_STRINGS = YES;
				SWIFT_VERSION = 5.0;
			};
			name = Debug;
		};
		5B80D9E02EDCB12B000DBD74 /* Release */ = {
			isa = XCBuildConfiguration;
			buildSettings = {
				ASSETCATALOG_COMPILER_APPICON_NAME = AppIcon;
				ASSETCATALOG_COMPILER_GLOBAL_ACCENT_COLOR_NAME = AccentColor;
				CODE_SIGNING_ALLOWED = NO;
				CODE_SIGNING_REQUIRED = NO;
				CODE_SIGN_ENTITLEMENTS = "Govee Mac/Govee_Mac.entitlements";
				CODE_SIGN_IDENTITY = "Apple Development";
				CODE_SIGN_STYLE = Automatic;
				COMBINE_HIDPI_IMAGES = YES;
				CURRENT_PROJECT_VERSION = 1;
				DEVELOPMENT_ASSET_PATHS = "\"Govee Mac/Preview Content\"";
				DEVELOPMENT_TEAM = T9CA6D7T8N;
				ENABLE_HARDENED_RUNTIME = YES;
				ENABLE_PREVIEWS = YES;
				GENERATE_INFOPLIST_FILE = YES;
				INFOPLIST_FILE = "Govee-Mac-Info.plist";
				INFOPLIST_KEY_CFBundleDisplayName = "Govee Mac Controller";
				INFOPLIST_KEY_LSApplicationCategoryType = "public.app-category.developer-tools";
				INFOPLIST_KEY_NSHomeKitUsageDescription = "Govee Mac needs access to control your HomeKit-enabled Govee lights.";
				INFOPLIST_KEY_NSHumanReadableCopyright = "";
				LD_RUNPATH_SEARCH_PATHS = (
					"$(inherited)",
					"@executable_path/../Frameworks",
				);
				MARKETING_VERSION = 1.0;
				PRODUCT_BUNDLE_IDENTIFIER = "joconpany.Govee-Mac";
				PRODUCT_NAME = "$(TARGET_NAME)";
				PROVISIONING_PROFILE_SPECIFIER = "";
				SWIFT_EMIT_LOC_STRINGS = YES;
				SWIFT_VERSION = 5.0;
			};
			name = Release;
		};
		5B80D9E22EDCB12B000DBD74 /* Debug */ = {
			isa = XCBuildConfiguration;
			buildSettings = {
				ALWAYS_EMBED_SWIFT_STANDARD_LIBRARIES = YES;
				BUNDLE_LOADER = "$(TEST_HOST)";
				CODE_SIGNING_ALLOWED = NO;
				CODE_SIGNING_REQUIRED = NO;
				CODE_SIGN_STYLE = Manual;
				CURRENT_PROJECT_VERSION = 1;
				DEVELOPMENT_TEAM = "";
				GENERATE_INFOPLIST_FILE = YES;
				MACOSX_DEPLOYMENT_TARGET = 13.7;
				MARKETING_VERSION = 1.0;
				PRODUCT_BUNDLE_IDENTIFIER = "joconpany.Govee-MacTests";
				PRODUCT_NAME = "$(TARGET_NAME)";
				SWIFT_EMIT_LOC_STRINGS = NO;
				SWIFT_VERSION = 5.0;
				TEST_HOST = "$(BUILT_PRODUCTS_DIR)/Govee Mac.app/$(BUNDLE_EXECUTABLE_FOLDER_PATH)/Govee Mac";
			};
			name = Debug;
		};
		5B80D9E32EDCB12B000DBD74 /* Release */ = {
			isa = XCBuildConfiguration;
			buildSettings = {
				ALWAYS_EMBED_SWIFT_STANDARD_LIBRARIES = YES;
				BUNDLE_LOADER = "$(TEST_HOST)";
				CODE_SIGNING_ALLOWED = NO;
				CODE_SIGNING_REQUIRED = NO;
				CODE_SIGN_STYLE = Manual;
				CURRENT_PROJECT_VERSION = 1;
				DEVELOPMENT_TEAM = "";
				GENERATE_INFOPLIST_FILE = YES;
				MACOSX_DEPLOYMENT_TARGET = 13.7;
				MARKETING_VERSION = 1.0;
				PRODUCT_BUNDLE_IDENTIFIER = "joconpany.Govee-MacTests";
				PRODUCT_NAME = "$(TARGET_NAME)";
				SWIFT_EMIT_LOC_STRINGS = NO;
				SWIFT_VERSION = 5.0;
				TEST_HOST = "$(BUILT_PRODUCTS_DIR)/Govee Mac.app/$(BUNDLE_EXECUTABLE_FOLDER_PATH)/Govee Mac";
			};
			name = Release;
		};
		5B80D9E52EDCB12B000DBD74 /* Debug */ = {
			isa = XCBuildConfiguration;
			buildSettings = {
				ALWAYS_EMBED_SWIFT_STANDARD_LIBRARIES = YES;
				CODE_SIGNING_ALLOWED = NO;
				CODE_SIGNING_REQUIRED = NO;
				CODE_SIGN_STYLE = Manual;
				CURRENT_PROJECT_VERSION = 1;
				DEVELOPMENT_TEAM = "";
				GENERATE_INFOPLIST_FILE = YES;
				MARKETING_VERSION = 1.0;
				PRODUCT_BUNDLE_IDENTIFIER = "joconpany.Govee-MacUITests";
				PRODUCT_NAME = "$(TARGET_NAME)";
				SWIFT_EMIT_LOC_STRINGS = NO;
				SWIFT_VERSION = 5.0;
				TEST_TARGET_NAME = "Govee Mac";
			};
			name = Debug;
		};
		5B80D9E62EDCB12B000DBD74 /* Release */ = {
			isa = XCBuildConfiguration;
			buildSettings = {
				ALWAYS_EMBED_SWIFT_STANDARD_LIBRARIES = YES;
				CODE_SIGNING_ALLOWED = NO;
				CODE_SIGNING_REQUIRED = NO;
				CODE_SIGN_STYLE = Manual;
				CURRENT_PROJECT_VERSION = 1;
				DEVELOPMENT_TEAM = "";
				GENERATE_INFOPLIST_FILE = YES;
				MARKETING_VERSION = 1.0;
				PRODUCT_BUNDLE_IDENTIFIER = "joconpany.Govee-MacUITests";
				PRODUCT_NAME = "$(TARGET_NAME)";
				SWIFT_EMIT_LOC_STRINGS = NO;
				SWIFT_VERSION = 5.0;
				TEST_TARGET_NAME = "Govee Mac";
			};
			name = Release;
		};
		5B8DE3CD305D733C00AB1BD9 /* Debug */ = {
			isa = XCBuildConfiguration;
			buildSettings = {
				ASSETCATALOG_COMPILER_GLOBAL_ACCENT_COLOR_NAME = AccentColor;
				ASSETCATALOG_COMPILER_WIDGET_BACKGROUND_COLOR_NAME = WidgetBackground;
				CODE_SIGN_ENTITLEMENTS = GoveeWidget/GoveeWidgetExtension.entitlements;
				CODE_SIGN_IDENTITY = "Apple Development";
				CODE_SIGN_STYLE = Automatic;
				CURRENT_PROJECT_VERSION = 1;
				DEVELOPMENT_TEAM = T9CA6D7T8N;
				ENABLE_APP_SANDBOX = YES;
				GENERATE_INFOPLIST_FILE = YES;
				INFOPLIST_FILE = GoveeWidget/Info.plist;
				INFOPLIST_KEY_CFBundleDisplayName = GoveeWidget;
				INFOPLIST_KEY_NSHumanReadableCopyright = "";
				IPHONEOS_DEPLOYMENT_TARGET = 27.0;
				LD_RUNPATH_SEARCH_PATHS = (
					"$(inherited)",
					"@executable_path/Frameworks",
					"@executable_path/../../Frameworks",
				);
				"LD_RUNPATH_SEARCH_PATHS[sdk=macosx*]" = (
					"$(inherited)",
					"@executable_path/../Frameworks",
					"@executable_path/../../../../Frameworks",
				);
				MACOSX_DEPLOYMENT_TARGET = 27.0;
				MARKETING_VERSION = 1.0;
				PRODUCT_BUNDLE_IDENTIFIER = "joconpany.Govee-Mac.GoveeWidget";
				PRODUCT_NAME = "$(TARGET_NAME)";
				SDKROOT = auto;
				SKIP_INSTALL = YES;
				STRING_CATALOG_GENERATE_SYMBOLS = YES;
				SUPPORTED_PLATFORMS = "iphoneos iphonesimulator macosx xros xrsimulator";
				SWIFT_APPROACHABLE_CONCURRENCY = YES;
				SWIFT_EMIT_LOC_STRINGS = YES;
				SWIFT_UPCOMING_FEATURE_MEMBER_IMPORT_VISIBILITY = YES;
				SWIFT_VERSION = 5.0;
				TARGETED_DEVICE_FAMILY = "1,2,7";
				XROS_DEPLOYMENT_TARGET = 27.0;
			};
			name = Debug;
		};
		5B8DE3CE305D733C00AB1BD9 /* Release */ = {
			isa = XCBuildConfiguration;
			buildSettings = {
				ASSETCATALOG_COMPILER_GLOBAL_ACCENT_COLOR_NAME = AccentColor;
				ASSETCATALOG_COMPILER_WIDGET_BACKGROUND_COLOR_NAME = WidgetBackground;
				CODE_SIGN_ENTITLEMENTS = GoveeWidget/GoveeWidgetExtension.entitlements;
				CODE_SIGN_IDENTITY = "Apple Development";
				CODE_SIGN_STYLE = Automatic;
				CURRENT_PROJECT_VERSION = 1;
				DEVELOPMENT_TEAM = T9CA6D7T8N;
				ENABLE_APP_SANDBOX = YES;
				GENERATE_INFOPLIST_FILE = YES;
				INFOPLIST_FILE = GoveeWidget/Info.plist;
				INFOPLIST_KEY_CFBundleDisplayName = GoveeWidget;
				INFOPLIST_KEY_NSHumanReadableCopyright = "";
				IPHONEOS_DEPLOYMENT_TARGET = 27.0;
				LD_RUNPATH_SEARCH_PATHS = (
					"$(inherited)",
					"@executable_path/Frameworks",
					"@executable_path/../../Frameworks",
				);
				"LD_RUNPATH_SEARCH_PATHS[sdk=macosx*]" = (
					"$(inherited)",
					"@executable_path/../Frameworks",
					"@executable_path/../../../../Frameworks",
				);
				MACOSX_DEPLOYMENT_TARGET = 27.0;
				MARKETING_VERSION = 1.0;
				PRODUCT_BUNDLE_IDENTIFIER = "joconpany.Govee-Mac.GoveeWidget";
				PRODUCT_NAME = "$(TARGET_NAME)";
				SDKROOT = auto;
				SKIP_INSTALL = YES;
				STRING_CATALOG_GENERATE_SYMBOLS = YES;
				SUPPORTED_PLATFORMS = "iphoneos iphonesimulator macosx xros xrsimulator";
				SWIFT_APPROACHABLE_CONCURRENCY = YES;
				SWIFT_EMIT_LOC_STRINGS = YES;
				SWIFT_UPCOMING_FEATURE_MEMBER_IMPORT_VISIBILITY = YES;
				SWIFT_VERSION = 5.0;
				TARGETED_DEVICE_FAMILY = "1,2,7";
				XROS_DEPLOYMENT_TARGET = 27.0;
			};
			name = Release;
		};
/* End XCBuildConfiguration section */

/* Begin XCConfigurationList section */
		5B80D9B42EDCB128000DBD74 /* Build configuration list for PBXProject "Govee Mac" */ = {
			isa = XCConfigurationList;
			buildConfigurations = (
				5B80D9DC2EDCB12B000DBD74 /* Debug */,
				5B80D9DD2EDCB12B000DBD74 /* Release */,
			);
			defaultConfigurationIsVisible = 0;
			defaultConfigurationName = Release;
		};
		5B80D9DE2EDCB12B000DBD74 /* Build configuration list for PBXNativeTarget "Govee Mac" */ = {
			isa = XCConfigurationList;
			buildConfigurations = (
				5B80D9DF2EDCB12B000DBD74 /* Debug */,
				5B80D9E02EDCB12B000DBD74 /* Release */,
			);
			defaultConfigurationIsVisible = 0;
			defaultConfigurationName = Release;
		};
		5B80D9E12EDCB12B000DBD74 /* Build configuration list for PBXNativeTarget "Govee MacTests" */ = {
			isa = XCConfigurationList;
			buildConfigurations = (
				5B80D9E22EDCB12B000DBD74 /* Debug */,
				5B80D9E32EDCB12B000DBD74 /* Release */,
			);
			defaultConfigurationIsVisible = 0;
			defaultConfigurationName = Release;
		};
		5B80D9E42EDCB12B000DBD74 /* Build configuration list for PBXNativeTarget "Govee MacUITests" */ = {
			isa = XCConfigurationList;
			buildConfigurations = (
				5B80D9E52EDCB12B000DBD74 /* Debug */,
				5B80D9E62EDCB12B000DBD74 /* Release */,
			);
			defaultConfigurationIsVisible = 0;
			defaultConfigurationName = Release;
		};
		5B8DE3D0305D733C00AB1BD9 /* Build configuration list for PBXNativeTarget "GoveeWidgetExtension" */ = {
			isa = XCConfigurationList;
			buildConfigurations = (
				5B8DE3CD305D733C00AB1BD9 /* Debug */,
				5B8DE3CE305D733C00AB1BD9 /* Release */,
			);
			defaultConfigurationIsVisible = 0;
			defaultConfigurationName = Release;
		};
/* End XCConfigurationList section */
	};
	rootObject = 5B80D9B12EDCB128000DBD74 /* Project object */;
}
